
Microsoft Visual Studio Solution File, Format Version 12.00
# Visual Studio 2013
VisualStudioVersion = 12.0.31101.0
MinimumVisualStudioVersion = 10.0.40219.1
Project("{FAE04EC0-301F-11D3-BF4B-00C04F79EFBC}") = "FuckingAwesomeBard", "FuckingAwesomeBard\FuckingAwesomeBard.csproj", "{FE1EED81-E9D2-4F00-BFEA-0961AA47A959}"
EndProject
Global
	GlobalSection(SolutionConfigurationPlatforms) = preSolution
		Debug|Any CPU = Debug|Any CPU
		Release|Any CPU = Release|Any CPU
	EndGlobalSection
	GlobalSection(ProjectConfigurationPlatforms) = postSolution
		{FE1EED81-E9D2-4F00-BFEA-0961AA47A959}.Debug|Any CPU.ActiveCfg = Debug|Any CPU
		{FE1EED81-E9D2-4F00-BFEA-0961AA47A959}.Debug|Any CPU.Build.0 = Debug|Any CPU
		{FE1EED81-E9D2-4F00-BFEA-0961AA47A959}.Release|Any CPU.ActiveCfg = Release|Any CPU
		{FE1EED81-E9D2-4F00-BFEA-0961AA47A959}.Release|Any CPU.Build.0 = Release|Any CPU
	EndGlobalSection
	GlobalSection(SolutionProperties) = preSolution
		HideSolutionNode = FALSE
	EndGlobalSection
EndGlobal
